PODS:
  - NVActivityIndicatorView (4.8.0):
    - NVActivityIndicatorView/Presenter (= 4.8.0)
  - NVActivityIndicatorView/Presenter (4.8.0)
  - SnapKit (4.2.0)
  - SwiftyBootstrap (1.0.9993):
    - NVActivityIndicatorView
    - SnapKit

DEPENDENCIES:
  - SnapKit
  - SwiftyBootstrap (from `../`)

SPEC REPOS:
  https://github.com/cocoapods/specs.git:
    - NVActivityIndicatorView
    - SnapKit

EXTERNAL SOURCES:
  SwiftyBootstrap:
    :path: "../"

SPEC CHECKSUMS:
  NVActivityIndicatorView: d24b7ebcf80af5dcd994adb650e2b6c93379270f
  SnapKit: fe8a619752f3f27075cc9a90244d75c6c3f27e2a
  SwiftyBootstrap: 12ebb82b9a39e5a1d98195339fa7c548afe9c7c8

PODFILE CHECKSUM: 81139c0c2a2be9d4fa6b252849bf324c04159372

COCOAPODS: 1.7.3
