PODS:
  - SnapKit (4.2.0)
  - SwiftyBootstrap (1.0.3):
    - SnapKit

DEPENDENCIES:
  - SnapKit
  - SwiftyBootstrap (from `../`)

SPEC REPOS:
  https://github.com/cocoapods/specs.git:
    - SnapKit

EXTERNAL SOURCES:
  SwiftyBootstrap:
    :path: "../"

SPEC CHECKSUMS:
  SnapKit: fe8a619752f3f27075cc9a90244d75c6c3f27e2a
  SwiftyBootstrap: 8eb4b006238a4e8c6e64dead72587b4dbfcff1bf

PODFILE CHECKSUM: 81139c0c2a2be9d4fa6b252849bf324c04159372

COCOAPODS: 1.7.3
