// !$*UTF8*$!
{
	archiveVersion = 1;
	classes = {
	};
	objectVersion = 51;
	objects = {

/* Begin PBXBuildFile section */
		078C63FA0317E1779B72F86A /* Pods_SwiftyBootstrapUITests.framework in Frameworks */ = {isa = PBXBuildFile; fileRef = 7E694CC8B8BA95D525C8D65D /* Pods_SwiftyBootstrapUITests.framework */; };
		60B8D37EE9587DE919906C2F /* Pods_SwiftyBootstrap.framework in Frameworks */ = {isa = PBXBuildFile; fileRef = DE91AFA0893F7E9BFC0F5588 /* Pods_SwiftyBootstrap.framework */; };
		6C1A137D4C44259E47EFAAB7 /* Pods_SwiftyBootstrapTests.framework in Frameworks */ = {isa = PBXBuildFile; fileRef = 6F4FF2D6E9087906D317AA18 /* Pods_SwiftyBootstrapTests.framework */; };
		F4992CBC243F05E400F2C628 /* AppDelegate.swift in Sources */ = {isa = PBXBuildFile; fileRef = F4992CBB243F05E400F2C628 /* AppDelegate.swift */; };
		F4992CBE243F05E400F2C628 /* SceneDelegate.swift in Sources */ = {isa = PBXBuildFile; fileRef = F4992CBD243F05E400F2C628 /* SceneDelegate.swift */; };
		F4992CC0243F05E400F2C628 /* ViewController.swift in Sources */ = {isa = PBXBuildFile; fileRef = F4992CBF243F05E400F2C628 /* ViewController.swift */; };
		F4992CC3243F05E400F2C628 /* Main.storyboard in Resources */ = {isa = PBXBuildFile; fileRef = F4992CC1243F05E400F2C628 /* Main.storyboard */; };
		F4992CC5243F05E500F2C628 /* Assets.xcassets in Resources */ = {isa = PBXBuildFile; fileRef = F4992CC4243F05E500F2C628 /* Assets.xcassets */; };
		F4992CC8243F05E500F2C628 /* LaunchScreen.storyboard in Resources */ = {isa = PBXBuildFile; fileRef = F4992CC6243F05E500F2C628 /* LaunchScreen.storyboard */; };
		F4992CD3243F05E500F2C628 /* SwiftyBootstrapTests.swift in Sources */ = {isa = PBXBuildFile; fileRef = F4992CD2243F05E500F2C628 /* SwiftyBootstrapTests.swift */; };
		F4992CDE243F05E500F2C628 /* SwiftyBootstrapUITests.swift in Sources */ = {isa = PBXBuildFile; fileRef = F4992CDD243F05E500F2C628 /* SwiftyBootstrapUITests.swift */; };
		F4992CEC243F060600F2C628 /* GRCard.swift in Sources */ = {isa = PBXBuildFile; fileRef = F4992CEB243F060600F2C628 /* GRCard.swift */; };
		F49AC653243F6C9D0081A117 /* Assets.xcassets in Resources */ = {isa = PBXBuildFile; fileRef = F49AC652243F6C9C0081A117 /* Assets.xcassets */; };
		F4A875C2243F06F900EE78F7 /* DEStyle.swift in Sources */ = {isa = PBXBuildFile; fileRef = F4A875C1243F06F900EE78F7 /* DEStyle.swift */; };
		F4A875C4243F077300EE78F7 /* UIColor+Style.swift in Sources */ = {isa = PBXBuildFile; fileRef = F4A875C3243F077300EE78F7 /* UIColor+Style.swift */; };
		F4A875C6243F08D600EE78F7 /* GRButton.swift in Sources */ = {isa = PBXBuildFile; fileRef = F4A875C5243F08D600EE78F7 /* GRButton.swift */; };
		F4A875C8243F08FB00EE78F7 /* GraffitiStyle.swift in Sources */ = {isa = PBXBuildFile; fileRef = F4A875C7243F08FB00EE78F7 /* GraffitiStyle.swift */; };
		F4A875CA243F09E100EE78F7 /* UIButton+CenteredImageTitle.swift in Sources */ = {isa = PBXBuildFile; fileRef = F4A875C9243F09E100EE78F7 /* UIButton+CenteredImageTitle.swift */; };
		F4A875CC243F0A7A00EE78F7 /* GRNavBar.swift in Sources */ = {isa = PBXBuildFile; fileRef = F4A875CB243F0A7A00EE78F7 /* GRNavBar.swift */; };
/* End PBXBuildFile section */

/* Begin PBXContainerItemProxy section */
		F4992CCF243F05E500F2C628 /* PBXContainerItemProxy */ = {
			isa = PBXContainerItemProxy;
			containerPortal = F4992CB0243F05E400F2C628 /* Project object */;
			proxyType = 1;
			remoteGlobalIDString = F4992CB7243F05E400F2C628;
			remoteInfo = SwiftyBootstrap;
		};
		F4992CDA243F05E500F2C628 /* PBXContainerItemProxy */ = {
			isa = PBXContainerItemProxy;
			containerPortal = F4992CB0243F05E400F2C628 /* Project object */;
			proxyType = 1;
			remoteGlobalIDString = F4992CB7243F05E400F2C628;
			remoteInfo = SwiftyBootstrap;
		};
/* End PBXContainerItemProxy section */

/* Begin PBXFileReference section */
		2C6B138D608CC1C64F12ACE8 /* Pods-SwiftyBootstrapUITests.release.xcconfig */ = {isa = PBXFileReference; includeInIndex = 1; lastKnownFileType = text.xcconfig; name = "Pods-SwiftyBootstrapUITests.release.xcconfig"; path = "Target Support Files/Pods-SwiftyBootstrapUITests/Pods-SwiftyBootstrapUITests.release.xcconfig"; sourceTree = "<group>"; };
		2DA937B38F203A44B8EBB0EA /* Pods-SwiftyBootstrap.release.xcconfig */ = {isa = PBXFileReference; includeInIndex = 1; lastKnownFileType = text.xcconfig; name = "Pods-SwiftyBootstrap.release.xcconfig"; path = "Target Support Files/Pods-SwiftyBootstrap/Pods-SwiftyBootstrap.release.xcconfig"; sourceTree = "<group>"; };
		488C5A72D23C90054D188F52 /* Pods-SwiftyBootstrapTests.release.xcconfig */ = {isa = PBXFileReference; includeInIndex = 1; lastKnownFileType = text.xcconfig; name = "Pods-SwiftyBootstrapTests.release.xcconfig"; path = "Target Support Files/Pods-SwiftyBootstrapTests/Pods-SwiftyBootstrapTests.release.xcconfig"; sourceTree = "<group>"; };
		6DF2ABD81B5E6664216BD0EC /* Pods-SwiftyBootstrapUITests.debug.xcconfig */ = {isa = PBXFileReference; includeInIndex = 1; lastKnownFileType = text.xcconfig; name = "Pods-SwiftyBootstrapUITests.debug.xcconfig"; path = "Target Support Files/Pods-SwiftyBootstrapUITests/Pods-SwiftyBootstrapUITests.debug.xcconfig"; sourceTree = "<group>"; };
		6F4FF2D6E9087906D317AA18 /* Pods_SwiftyBootstrapTests.framework */ = {isa = PBXFileReference; explicitFileType = wrapper.framework; includeInIndex = 0; path = Pods_SwiftyBootstrapTests.framework; sourceTree = BUILT_PRODUCTS_DIR; };
		7E694CC8B8BA95D525C8D65D /* Pods_SwiftyBootstrapUITests.framework */ = {isa = PBXFileReference; explicitFileType = wrapper.framework; includeInIndex = 0; path = Pods_SwiftyBootstrapUITests.framework; sourceTree = BUILT_PRODUCTS_DIR; };
		A981293C460109553751EE5C /* Pods-SwiftyBootstrap.debug.xcconfig */ = {isa = PBXFileReference; includeInIndex = 1; lastKnownFileType = text.xcconfig; name = "Pods-SwiftyBootstrap.debug.xcconfig"; path = "Target Support Files/Pods-SwiftyBootstrap/Pods-SwiftyBootstrap.debug.xcconfig"; sourceTree = "<group>"; };
		DE91AFA0893F7E9BFC0F5588 /* Pods_SwiftyBootstrap.framework */ = {isa = PBXFileReference; explicitFileType = wrapper.framework; includeInIndex = 0; path = Pods_SwiftyBootstrap.framework; sourceTree = BUILT_PRODUCTS_DIR; };
		F4992CB8243F05E400F2C628 /* SwiftyBootstrap.app */ = {isa = PBXFileReference; explicitFileType = wrapper.application; includeInIndex = 0; path = SwiftyBootstrap.app; sourceTree = BUILT_PRODUCTS_DIR; };
		F4992CBB243F05E400F2C628 /* AppDelegate.swift */ = {isa = PBXFileReference; lastKnownFileType = sourcecode.swift; path = AppDelegate.swift; sourceTree = "<group>"; };
		F4992CBD243F05E400F2C628 /* SceneDelegate.swift */ = {isa = PBXFileReference; lastKnownFileType = sourcecode.swift; path = SceneDelegate.swift; sourceTree = "<group>"; };
		F4992CBF243F05E400F2C628 /* ViewController.swift */ = {isa = PBXFileReference; lastKnownFileType = sourcecode.swift; path = ViewController.swift; sourceTree = "<group>"; };
		F4992CC2243F05E400F2C628 /* Base */ = {isa = PBXFileReference; lastKnownFileType = file.storyboard; name = Base; path = Base.lproj/Main.storyboard; sourceTree = "<group>"; };
		F4992CC4243F05E500F2C628 /* Assets.xcassets */ = {isa = PBXFileReference; lastKnownFileType = folder.assetcatalog; path = Assets.xcassets; sourceTree = "<group>"; };
		F4992CC7243F05E500F2C628 /* Base */ = {isa = PBXFileReference; lastKnownFileType = file.storyboard; name = Base; path = Base.lproj/LaunchScreen.storyboard; sourceTree = "<group>"; };
		F4992CC9243F05E500F2C628 /* Info.plist */ = {isa = PBXFileReference; lastKnownFileType = text.plist.xml; path = Info.plist; sourceTree = "<group>"; };
		F4992CCE243F05E500F2C628 /* SwiftyBootstrapTests.xctest */ = {isa = PBXFileReference; explicitFileType = wrapper.cfbundle; includeInIndex = 0; path = SwiftyBootstrapTests.xctest; sourceTree = BUILT_PRODUCTS_DIR; };
		F4992CD2243F05E500F2C628 /* SwiftyBootstrapTests.swift */ = {isa = PBXFileReference; lastKnownFileType = sourcecode.swift; path = SwiftyBootstrapTests.swift; sourceTree = "<group>"; };
		F4992CD4243F05E500F2C628 /* Info.plist */ = {isa = PBXFileReference; lastKnownFileType = text.plist.xml; path = Info.plist; sourceTree = "<group>"; };
		F4992CD9243F05E500F2C628 /* SwiftyBootstrapUITests.xctest */ = {isa = PBXFileReference; explicitFileType = wrapper.cfbundle; includeInIndex = 0; path = SwiftyBootstrapUITests.xctest; sourceTree = BUILT_PRODUCTS_DIR; };
		F4992CDD243F05E500F2C628 /* SwiftyBootstrapUITests.swift */ = {isa = PBXFileReference; lastKnownFileType = sourcecode.swift; path = SwiftyBootstrapUITests.swift; sourceTree = "<group>"; };
		F4992CDF243F05E500F2C628 /* Info.plist */ = {isa = PBXFileReference; lastKnownFileType = text.plist.xml; path = Info.plist; sourceTree = "<group>"; };
		F4992CEB243F060600F2C628 /* GRCard.swift */ = {isa = PBXFileReference; fileEncoding = 4; lastKnownFileType = sourcecode.swift; path = GRCard.swift; sourceTree = "<group>"; };
		F49AC652243F6C9C0081A117 /* Assets.xcassets */ = {isa = PBXFileReference; lastKnownFileType = folder.assetcatalog; name = Assets.xcassets; path = "../../../../graffiti-app/Graffiti/Assets.xcassets"; sourceTree = "<group>"; };
		F4A875C1243F06F900EE78F7 /* DEStyle.swift */ = {isa = PBXFileReference; fileEncoding = 4; lastKnownFileType = sourcecode.swift; path = DEStyle.swift; sourceTree = "<group>"; };
		F4A875C3243F077300EE78F7 /* UIColor+Style.swift */ = {isa = PBXFileReference; fileEncoding = 4; lastKnownFileType = sourcecode.swift; path = "UIColor+Style.swift"; sourceTree = "<group>"; };
		F4A875C5243F08D600EE78F7 /* GRButton.swift */ = {isa = PBXFileReference; fileEncoding = 4; lastKnownFileType = sourcecode.swift; path = GRButton.swift; sourceTree = "<group>"; };
		F4A875C7243F08FB00EE78F7 /* GraffitiStyle.swift */ = {isa = PBXFileReference; fileEncoding = 4; lastKnownFileType = sourcecode.swift; path = GraffitiStyle.swift; sourceTree = "<group>"; };
		F4A875C9243F09E100EE78F7 /* UIButton+CenteredImageTitle.swift */ = {isa = PBXFileReference; fileEncoding = 4; lastKnownFileType = sourcecode.swift; path = "UIButton+CenteredImageTitle.swift"; sourceTree = "<group>"; };
		F4A875CB243F0A7A00EE78F7 /* GRNavBar.swift */ = {isa = PBXFileReference; fileEncoding = 4; lastKnownFileType = sourcecode.swift; path = GRNavBar.swift; sourceTree = "<group>"; };
		F63A754D47288206BF105876 /* Pods-SwiftyBootstrapTests.debug.xcconfig */ = {isa = PBXFileReference; includeInIndex = 1; lastKnownFileType = text.xcconfig; name = "Pods-SwiftyBootstrapTests.debug.xcconfig"; path = "Target Support Files/Pods-SwiftyBootstrapTests/Pods-SwiftyBootstrapTests.debug.xcconfig"; sourceTree = "<group>"; };
/* End PBXFileReference section */

/* Begin PBXFrameworksBuildPhase section */
		F4992CB5243F05E400F2C628 /* Frameworks */ = {
			isa = PBXFrameworksBuildPhase;
			buildActionMask = 2147483647;
			files = (
				60B8D37EE9587DE919906C2F /* Pods_SwiftyBootstrap.framework in Frameworks */,
			);
			runOnlyForDeploymentPostprocessing = 0;
		};
		F4992CCB243F05E500F2C628 /* Frameworks */ = {
			isa = PBXFrameworksBuildPhase;
			buildActionMask = 2147483647;
			files = (
				6C1A137D4C44259E47EFAAB7 /* Pods_SwiftyBootstrapTests.framework in Frameworks */,
			);
			runOnlyForDeploymentPostprocessing = 0;
		};
		F4992CD6243F05E500F2C628 /* Frameworks */ = {
			isa = PBXFrameworksBuildPhase;
			buildActionMask = 2147483647;
			files = (
				078C63FA0317E1779B72F86A /* Pods_SwiftyBootstrapUITests.framework in Frameworks */,
			);
			runOnlyForDeploymentPostprocessing = 0;
		};
/* End PBXFrameworksBuildPhase section */

/* Begin PBXGroup section */
		B1171CFEECCEA1C33154EAE1 /* Pods */ = {
			isa = PBXGroup;
			children = (
				A981293C460109553751EE5C /* Pods-SwiftyBootstrap.debug.xcconfig */,
				2DA937B38F203A44B8EBB0EA /* Pods-SwiftyBootstrap.release.xcconfig */,
				F63A754D47288206BF105876 /* Pods-SwiftyBootstrapTests.debug.xcconfig */,
				488C5A72D23C90054D188F52 /* Pods-SwiftyBootstrapTests.release.xcconfig */,
				6DF2ABD81B5E6664216BD0EC /* Pods-SwiftyBootstrapUITests.debug.xcconfig */,
				2C6B138D608CC1C64F12ACE8 /* Pods-SwiftyBootstrapUITests.release.xcconfig */,
			);
			path = Pods;
			sourceTree = "<group>";
		};
		E0DB96F5E2504E410C42600E /* Frameworks */ = {
			isa = PBXGroup;
			children = (
				DE91AFA0893F7E9BFC0F5588 /* Pods_SwiftyBootstrap.framework */,
				6F4FF2D6E9087906D317AA18 /* Pods_SwiftyBootstrapTests.framework */,
				7E694CC8B8BA95D525C8D65D /* Pods_SwiftyBootstrapUITests.framework */,
			);
			name = Frameworks;
			sourceTree = "<group>";
		};
		F4992CAF243F05E400F2C628 = {
			isa = PBXGroup;
			children = (
				F4A875CB243F0A7A00EE78F7 /* GRNavBar.swift */,
				F4A875C9243F09E100EE78F7 /* UIButton+CenteredImageTitle.swift */,
				F4992CBA243F05E400F2C628 /* SwiftyBootstrap */,
				F4992CD1243F05E500F2C628 /* SwiftyBootstrapTests */,
				F4992CDC243F05E500F2C628 /* SwiftyBootstrapUITests */,
				F4992CB9243F05E400F2C628 /* Products */,
				B1171CFEECCEA1C33154EAE1 /* Pods */,
				E0DB96F5E2504E410C42600E /* Frameworks */,
			);
			sourceTree = "<group>";
		};
		F4992CB9243F05E400F2C628 /* Products */ = {
			isa = PBXGroup;
			children = (
				F4992CB8243F05E400F2C628 /* SwiftyBootstrap.app */,
				F4992CCE243F05E500F2C628 /* SwiftyBootstrapTests.xctest */,
				F4992CD9243F05E500F2C628 /* SwiftyBootstrapUITests.xctest */,
			);
			name = Products;
			sourceTree = "<group>";
		};
		F4992CBA243F05E400F2C628 /* SwiftyBootstrap */ = {
			isa = PBXGroup;
			children = (
				F49AC652243F6C9C0081A117 /* Assets.xcassets */,
				F4A875C7243F08FB00EE78F7 /* GraffitiStyle.swift */,
				F4A875C5243F08D600EE78F7 /* GRButton.swift */,
				F4A875C3243F077300EE78F7 /* UIColor+Style.swift */,
				F4A875C1243F06F900EE78F7 /* DEStyle.swift */,
				F4992CEB243F060600F2C628 /* GRCard.swift */,
				F4992CBB243F05E400F2C628 /* AppDelegate.swift */,
				F4992CBD243F05E400F2C628 /* SceneDelegate.swift */,
				F4992CBF243F05E400F2C628 /* ViewController.swift */,
				F4992CC1243F05E400F2C628 /* Main.storyboard */,
				F4992CC4243F05E500F2C628 /* Assets.xcassets */,
				F4992CC6243F05E500F2C628 /* LaunchScreen.storyboard */,
				F4992CC9243F05E500F2C628 /* Info.plist */,
			);
			path = SwiftyBootstrap;
			sourceTree = "<group>";
		};
		F4992CD1243F05E500F2C628 /* SwiftyBootstrapTests */ = {
			isa = PBXGroup;
			children = (
				F4992CD2243F05E500F2C628 /* SwiftyBootstrapTests.swift */,
				F4992CD4243F05E500F2C628 /* Info.plist */,
			);
			path = SwiftyBootstrapTests;
			sourceTree = "<group>";
		};
		F4992CDC243F05E500F2C628 /* SwiftyBootstrapUITests */ = {
			isa = PBXGroup;
			children = (
				F4992CDD243F05E500F2C628 /* SwiftyBootstrapUITests.swift */,
				F4992CDF243F05E500F2C628 /* Info.plist */,
			);
			path = SwiftyBootstrapUITests;
			sourceTree = "<group>";
		};
/* End PBXGroup section */

/* Begin PBXNativeTarget section */
		F4992CB7243F05E400F2C628 /* SwiftyBootstrap */ = {
			isa = PBXNativeTarget;
			buildConfigurationList = F4992CE2243F05E500F2C628 /* Build configuration list for PBXNativeTarget "SwiftyBootstrap" */;
			buildPhases = (
				759603B5A64C9BB6FB600152 /* [CP] Check Pods Manifest.lock */,
				F4992CB4243F05E400F2C628 /* Sources */,
				F4992CB5243F05E400F2C628 /* Frameworks */,
				F4992CB6243F05E400F2C628 /* Resources */,
				223E0BA9C63558D765245AD3 /* [CP] Embed Pods Frameworks */,
			);
			buildRules = (
			);
			dependencies = (
			);
			name = SwiftyBootstrap;
			productName = SwiftyBootstrap;
			productReference = F4992CB8243F05E400F2C628 /* SwiftyBootstrap.app */;
			productType = "com.apple.product-type.application";
		};
		F4992CCD243F05E500F2C628 /* SwiftyBootstrapTests */ = {
			isa = PBXNativeTarget;
			buildConfigurationList = F4992CE5243F05E500F2C628 /* Build configuration list for PBXNativeTarget "SwiftyBootstrapTests" */;
			buildPhases = (
				BD1C33BB5804DF33414BB3A6 /* [CP] Check Pods Manifest.lock */,
				F4992CCA243F05E500F2C628 /* Sources */,
				F4992CCB243F05E500F2C628 /* Frameworks */,
				F4992CCC243F05E500F2C628 /* Resources */,
			);
			buildRules = (
			);
			dependencies = (
				F4992CD0243F05E500F2C628 /* PBXTargetDependency */,
			);
			name = SwiftyBootstrapTests;
			productName = SwiftyBootstrapTests;
			productReference = F4992CCE243F05E500F2C628 /* SwiftyBootstrapTests.xctest */;
			productType = "com.apple.product-type.bundle.unit-test";
		};
		F4992CD8243F05E500F2C628 /* SwiftyBootstrapUITests */ = {
			isa = PBXNativeTarget;
			buildConfigurationList = F4992CE8243F05E500F2C628 /* Build configuration list for PBXNativeTarget "SwiftyBootstrapUITests" */;
			buildPhases = (
				2F8991E59538F7DD470F7F66 /* [CP] Check Pods Manifest.lock */,
				F4992CD5243F05E500F2C628 /* Sources */,
				F4992CD6243F05E500F2C628 /* Frameworks */,
				F4992CD7243F05E500F2C628 /* Resources */,
			);
			buildRules = (
			);
			dependencies = (
				F4992CDB243F05E500F2C628 /* PBXTargetDependency */,
			);
			name = SwiftyBootstrapUITests;
			productName = SwiftyBootstrapUITests;
			productReference = F4992CD9243F05E500F2C628 /* SwiftyBootstrapUITests.xctest */;
			productType = "com.apple.product-type.bundle.ui-testing";
		};
/* End PBXNativeTarget section */

/* Begin PBXProject section */
		F4992CB0243F05E400F2C628 /* Project object */ = {
			isa = PBXProject;
			attributes = {
				LastSwiftUpdateCheck = 1130;
				LastUpgradeCheck = 1130;
				ORGANIZATIONNAME = Dephyned;
				TargetAttributes = {
					F4992CB7243F05E400F2C628 = {
						CreatedOnToolsVersion = 11.3.1;
					};
					F4992CCD243F05E500F2C628 = {
						CreatedOnToolsVersion = 11.3.1;
						TestTargetID = F4992CB7243F05E400F2C628;
					};
					F4992CD8243F05E500F2C628 = {
						CreatedOnToolsVersion = 11.3.1;
						TestTargetID = F4992CB7243F05E400F2C628;
					};
				};
			};
			buildConfigurationList = F4992CB3243F05E400F2C628 /* Build configuration list for PBXProject "SwiftyBootstrap" */;
			compatibilityVersion = "Xcode 9.3";
			developmentRegion = en;
			hasScannedForEncodings = 0;
			knownRegions = (
				en,
				Base,
			);
			mainGroup = F4992CAF243F05E400F2C628;
			productRefGroup = F4992CB9243F05E400F2C628 /* Products */;
			projectDirPath = "";
			projectRoot = "";
			targets = (
				F4992CB7243F05E400F2C628 /* SwiftyBootstrap */,
				F4992CCD243F05E500F2C628 /* SwiftyBootstrapTests */,
				F4992CD8243F05E500F2C628 /* SwiftyBootstrapUITests */,
			);
		};
/* End PBXProject section */

/* Begin PBXResourcesBuildPhase section */
		F4992CB6243F05E400F2C628 /* Resources */ = {
			isa = PBXResourcesBuildPhase;
			buildActionMask = 2147483647;
			files = (
				F4992CC8243F05E500F2C628 /* LaunchScreen.storyboard in Resources */,
				F4992CC5243F05E500F2C628 /* Assets.xcassets in Resources */,
				F49AC653243F6C9D0081A117 /* Assets.xcassets in Resources */,
				F4992CC3243F05E400F2C628 /* Main.storyboard in Resources */,
			);
			runOnlyForDeploymentPostprocessing = 0;
		};
		F4992CCC243F05E500F2C628 /* Resources */ = {
			isa = PBXResourcesBuildPhase;
			buildActionMask = 2147483647;
			files = (
			);
			runOnlyForDeploymentPostprocessing = 0;
		};
		F4992CD7243F05E500F2C628 /* Resources */ = {
			isa = PBXResourcesBuildPhase;
			buildActionMask = 2147483647;
			files = (
			);
			runOnlyForDeploymentPostprocessing = 0;
		};
/* End PBXResourcesBuildPhase section */

/* Begin PBXShellScriptBuildPhase section */
		223E0BA9C63558D765245AD3 /* [CP] Embed Pods Frameworks */ = {
			isa = PBXShellScriptBuildPhase;
			buildActionMask = 2147483647;
			files = (
			);
			inputFileListPaths = (
				"${PODS_ROOT}/Target Support Files/Pods-SwiftyBootstrap/Pods-SwiftyBootstrap-frameworks-${CONFIGURATION}-input-files.xcfilelist",
			);
			name = "[CP] Embed Pods Frameworks";
			outputFileListPaths = (
				"${PODS_ROOT}/Target Support Files/Pods-SwiftyBootstrap/Pods-SwiftyBootstrap-frameworks-${CONFIGURATION}-output-files.xcfilelist",
			);
			runOnlyForDeploymentPostprocessing = 0;
			shellPath = /bin/sh;
			shellScript = "\"${PODS_ROOT}/Target Support Files/Pods-SwiftyBootstrap/Pods-SwiftyBootstrap-frameworks.sh\"\n";
			showEnvVarsInLog = 0;
		};
		2F8991E59538F7DD470F7F66 /* [CP] Check Pods Manifest.lock */ = {
			isa = PBXShellScriptBuildPhase;
			buildActionMask = 2147483647;
			files = (
			);
			inputFileListPaths = (
			);
			inputPaths = (
				"${PODS_PODFILE_DIR_PATH}/Podfile.lock",
				"${PODS_ROOT}/Manifest.lock",
			);
			name = "[CP] Check Pods Manifest.lock";
			outputFileListPaths = (
			);
			outputPaths = (
				"$(DERIVED_FILE_DIR)/Pods-SwiftyBootstrapUITests-checkManifestLockResult.txt",
			);
			runOnlyForDeploymentPostprocessing = 0;
			shellPath = /bin/sh;
			shellScript = "diff \"${PODS_PODFILE_DIR_PATH}/Podfile.lock\" \"${PODS_ROOT}/Manifest.lock\" > /dev/null\nif [ $? != 0 ] ; then\n    # print error to STDERR\n    echo \"error: The sandbox is not in sync with the Podfile.lock. Run 'pod install' or update your CocoaPods installation.\" >&2\n    exit 1\nfi\n# This output is used by Xcode 'outputs' to avoid re-running this script phase.\necho \"SUCCESS\" > \"${SCRIPT_OUTPUT_FILE_0}\"\n";
			showEnvVarsInLog = 0;
		};
		759603B5A64C9BB6FB600152 /* [CP] Check Pods Manifest.lock */ = {
			isa = PBXShellScriptBuildPhase;
			buildActionMask = 2147483647;
			files = (
			);
			inputFileListPaths = (
			);
			inputPaths = (
				"${PODS_PODFILE_DIR_PATH}/Podfile.lock",
				"${PODS_ROOT}/Manifest.lock",
			);
			name = "[CP] Check Pods Manifest.lock";
			outputFileListPaths = (
			);
			outputPaths = (
				"$(DERIVED_FILE_DIR)/Pods-SwiftyBootstrap-checkManifestLockResult.txt",
			);
			runOnlyForDeploymentPostprocessing = 0;
			shellPath = /bin/sh;
			shellScript = "diff \"${PODS_PODFILE_DIR_PATH}/Podfile.lock\" \"${PODS_ROOT}/Manifest.lock\" > /dev/null\nif [ $? != 0 ] ; then\n    # print error to STDERR\n    echo \"error: The sandbox is not in sync with the Podfile.lock. Run 'pod install' or update your CocoaPods installation.\" >&2\n    exit 1\nfi\n# This output is used by Xcode 'outputs' to avoid re-running this script phase.\necho \"SUCCESS\" > \"${SCRIPT_OUTPUT_FILE_0}\"\n";
			showEnvVarsInLog = 0;
		};
		BD1C33BB5804DF33414BB3A6 /* [CP] Check Pods Manifest.lock */ = {
			isa = PBXShellScriptBuildPhase;
			buildActionMask = 2147483647;
			files = (
			);
			inputFileListPaths = (
			);
			inputPaths = (
				"${PODS_PODFILE_DIR_PATH}/Podfile.lock",
				"${PODS_ROOT}/Manifest.lock",
			);
			name = "[CP] Check Pods Manifest.lock";
			outputFileListPaths = (
			);
			outputPaths = (
				"$(DERIVED_FILE_DIR)/Pods-SwiftyBootstrapTests-checkManifestLockResult.txt",
			);
			runOnlyForDeploymentPostprocessing = 0;
			shellPath = /bin/sh;
			shellScript = "diff \"${PODS_PODFILE_DIR_PATH}/Podfile.lock\" \"${PODS_ROOT}/Manifest.lock\" > /dev/null\nif [ $? != 0 ] ; then\n    # print error to STDERR\n    echo \"error: The sandbox is not in sync with the Podfile.lock. Run 'pod install' or update your CocoaPods installation.\" >&2\n    exit 1\nfi\n# This output is used by Xcode 'outputs' to avoid re-running this script phase.\necho \"SUCCESS\" > \"${SCRIPT_OUTPUT_FILE_0}\"\n";
			showEnvVarsInLog = 0;
		};
/* End PBXShellScriptBuildPhase section */

/* Begin PBXSourcesBuildPhase section */
		F4992CB4243F05E400F2C628 /* Sources */ = {
			isa = PBXSourcesBuildPhase;
			buildActionMask = 2147483647;
			files = (
				F4992CC0243F05E400F2C628 /* ViewController.swift in Sources */,
				F4992CBC243F05E400F2C628 /* AppDelegate.swift in Sources */,
				F4992CEC243F060600F2C628 /* GRCard.swift in Sources */,
				F4A875CA243F09E100EE78F7 /* UIButton+CenteredImageTitle.swift in Sources */,
				F4A875C8243F08FB00EE78F7 /* GraffitiStyle.swift in Sources */,
				F4A875C6243F08D600EE78F7 /* GRButton.swift in Sources */,
				F4A875CC243F0A7A00EE78F7 /* GRNavBar.swift in Sources */,
				F4A875C4243F077300EE78F7 /* UIColor+Style.swift in Sources */,
				F4992CBE243F05E400F2C628 /* SceneDelegate.swift in Sources */,
				F4A875C2243F06F900EE78F7 /* DEStyle.swift in Sources */,
			);
			runOnlyForDeploymentPostprocessing = 0;
		};
		F4992CCA243F05E500F2C628 /* Sources */ = {
			isa = PBXSourcesBuildPhase;
			buildActionMask = 2147483647;
			files = (
				F4992CD3243F05E500F2C628 /* SwiftyBootstrapTests.swift in Sources */,
			);
			runOnlyForDeploymentPostprocessing = 0;
		};
		F4992CD5243F05E500F2C628 /* Sources */ = {
			isa = PBXSourcesBuildPhase;
			buildActionMask = 2147483647;
			files = (
				F4992CDE243F05E500F2C628 /* SwiftyBootstrapUITests.swift in Sources */,
			);
			runOnlyForDeploymentPostprocessing = 0;
		};
/* End PBXSourcesBuildPhase section */

/* Begin PBXTargetDependency section */
		F4992CD0243F05E500F2C628 /* PBXTargetDependency */ = {
			isa = PBXTargetDependency;
			target = F4992CB7243F05E400F2C628 /* SwiftyBootstrap */;
			targetProxy = F4992CCF243F05E500F2C628 /* PBXContainerItemProxy */;
		};
		F4992CDB243F05E500F2C628 /* PBXTargetDependency */ = {
			isa = PBXTargetDependency;
			target = F4992CB7243F05E400F2C628 /* SwiftyBootstrap */;
			targetProxy = F4992CDA243F05E500F2C628 /* PBXContainerItemProxy */;
		};
/* End PBXTargetDependency section */

/* Begin PBXVariantGroup section */
		F4992CC1243F05E400F2C628 /* Main.storyboard */ = {
			isa = PBXVariantGroup;
			children = (
				F4992CC2243F05E400F2C628 /* Base */,
			);
			name = Main.storyboard;
			sourceTree = "<group>";
		};
		F4992CC6243F05E500F2C628 /* LaunchScreen.storyboard */ = {
			isa = PBXVariantGroup;
			children = (
				F4992CC7243F05E500F2C628 /* Base */,
			);
			name = LaunchScreen.storyboard;
			sourceTree = "<group>";
		};
/* End PBXVariantGroup section */

/* Begin XCBuildConfiguration section */
		F4992CE0243F05E500F2C628 /* Debug */ = {
			isa = XCBuildConfiguration;
			buildSettings = {
				ALWAYS_SEARCH_USER_PATHS = NO;
				CLANG_ANALYZER_NONNULL = YES;
				CLANG_ANALYZER_NUMBER_OBJECT_CONVERSION = YES_AGGRESSIVE;
				CLANG_CXX_LANGUAGE_STANDARD = "gnu++14";
				CLANG_CXX_LIBRARY = "libc++";
				CLANG_ENABLE_MODULES = YES;
				CLANG_ENABLE_OBJC_ARC = YES;
				CLANG_ENABLE_OBJC_WEAK = YES;
				CLANG_WARN_BLOCK_CAPTURE_AUTORELEASING = YES;
				CLANG_WARN_BOOL_CONVERSION = YES;
				CLANG_WARN_COMMA = YES;
				CLANG_WARN_CONSTANT_CONVERSION = YES;
				CLANG_WARN_DEPRECATED_OBJC_IMPLEMENTATIONS = YES;
				CLANG_WARN_DIRECT_OBJC_ISA_USAGE = YES_ERROR;
				CLANG_WARN_DOCUMENTATION_COMMENTS = YES;
				CLANG_WARN_EMPTY_BODY = YES;
				CLANG_WARN_ENUM_CONVERSION = YES;
				CLANG_WARN_INFINITE_RECURSION = YES;
				CLANG_WARN_INT_CONVERSION = YES;
				CLANG_WARN_NON_LITERAL_NULL_CONVERSION = YES;
				CLANG_WARN_OBJC_IMPLICIT_RETAIN_SELF = YES;
				CLANG_WARN_OBJC_LITERAL_CONVERSION = YES;
				CLANG_WARN_OBJC_ROOT_CLASS = YES_ERROR;
				CLANG_WARN_RANGE_LOOP_ANALYSIS = YES;
				CLANG_WARN_STRICT_PROTOTYPES = YES;
				CLANG_WARN_SUSPICIOUS_MOVE = YES;
				CLANG_WARN_UNGUARDED_AVAILABILITY = YES_AGGRESSIVE;
				CLANG_WARN_UNREACHABLE_CODE = YES;
				CLANG_WARN__DUPLICATE_METHOD_MATCH = YES;
				COPY_PHASE_STRIP = NO;
				DEBUG_INFORMATION_FORMAT = dwarf;
				ENABLE_STRICT_OBJC_MSGSEND = YES;
				ENABLE_TESTABILITY = YES;
				GCC_C_LANGUAGE_STANDARD = gnu11;
				GCC_DYNAMIC_NO_PIC = NO;
				GCC_NO_COMMON_BLOCKS = YES;
				GCC_OPTIMIZATION_LEVEL = 0;
				GCC_PREPROCESSOR_DEFINITIONS = (
					"DEBUG=1",
					"$(inherited)",
				);
				GCC_WARN_64_TO_32_BIT_CONVERSION = YES;
				GCC_WARN_ABOUT_RETURN_TYPE = YES_ERROR;
				GCC_WARN_UNDECLARED_SELECTOR = YES;
				GCC_WARN_UNINITIALIZED_AUTOS = YES_AGGRESSIVE;
				GCC_WARN_UNUSED_FUNCTION = YES;
				GCC_WARN_UNUSED_VARIABLE = YES;
				IPHONEOS_DEPLOYMENT_TARGET = 13.2;
				MTL_ENABLE_DEBUG_INFO = INCLUDE_SOURCE;
				MTL_FAST_MATH = YES;
				ONLY_ACTIVE_ARCH = YES;
				SDKROOT = iphoneos;
				SWIFT_ACTIVE_COMPILATION_CONDITIONS = DEBUG;
				SWIFT_OPTIMIZATION_LEVEL = "-Onone";
			};
			name = Debug;
		};
		F4992CE1243F05E500F2C628 /* Release */ = {
			isa = XCBuildConfiguration;
			buildSettings = {
				ALWAYS_SEARCH_USER_PATHS = NO;
				CLANG_ANALYZER_NONNULL = YES;
				CLANG_ANALYZER_NUMBER_OBJECT_CONVERSION = YES_AGGRESSIVE;
				CLANG_CXX_LANGUAGE_STANDARD = "gnu++14";
				CLANG_CXX_LIBRARY = "libc++";
				CLANG_ENABLE_MODULES = YES;
				CLANG_ENABLE_OBJC_ARC = YES;
				CLANG_ENABLE_OBJC_WEAK = YES;
				CLANG_WARN_BLOCK_CAPTURE_AUTORELEASING = YES;
				CLANG_WARN_BOOL_CONVERSION = YES;
				CLANG_WARN_COMMA = YES;
				CLANG_WARN_CONSTANT_CONVERSION = YES;
				CLANG_WARN_DEPRECATED_OBJC_IMPLEMENTATIONS = YES;
				CLANG_WARN_DIRECT_OBJC_ISA_USAGE = YES_ERROR;
				CLANG_WARN_DOCUMENTATION_COMMENTS = YES;
				CLANG_WARN_EMPTY_BODY = YES;
				CLANG_WARN_ENUM_CONVERSION = YES;
				CLANG_WARN_INFINITE_RECURSION = YES;
				CLANG_WARN_INT_CONVERSION = YES;
				CLANG_WARN_NON_LITERAL_NULL_CONVERSION = YES;
				CLANG_WARN_OBJC_IMPLICIT_RETAIN_SELF = YES;
				CLANG_WARN_OBJC_LITERAL_CONVERSION = YES;
				CLANG_WARN_OBJC_ROOT_CLASS = YES_ERROR;
				CLANG_WARN_RANGE_LOOP_ANALYSIS = YES;
				CLANG_WARN_STRICT_PROTOTYPES = YES;
				CLANG_WARN_SUSPICIOUS_MOVE = YES;
				CLANG_WARN_UNGUARDED_AVAILABILITY = YES_AGGRESSIVE;
				CLANG_WARN_UNREACHABLE_CODE = YES;
				CLANG_WARN__DUPLICATE_METHOD_MATCH = YES;
				COPY_PHASE_STRIP = NO;
				DEBUG_INFORMATION_FORMAT = "dwarf-with-dsym";
				ENABLE_NS_ASSERTIONS = NO;
				ENABLE_STRICT_OBJC_MSGSEND = YES;
				GCC_C_LANGUAGE_STANDARD = gnu11;
				GCC_NO_COMMON_BLOCKS = YES;
				GCC_WARN_64_TO_32_BIT_CONVERSION = YES;
				GCC_WARN_ABOUT_RETURN_TYPE = YES_ERROR;
				GCC_WARN_UNDECLARED_SELECTOR = YES;
				GCC_WARN_UNINITIALIZED_AUTOS = YES_AGGRESSIVE;
				GCC_WARN_UNUSED_FUNCTION = YES;
				GCC_WARN_UNUSED_VARIABLE = YES;
				IPHONEOS_DEPLOYMENT_TARGET = 13.2;
				MTL_ENABLE_DEBUG_INFO = NO;
				MTL_FAST_MATH = YES;
				SDKROOT = iphoneos;
				SWIFT_COMPILATION_MODE = wholemodule;
				SWIFT_OPTIMIZATION_LEVEL = "-O";
				VALIDATE_PRODUCT = YES;
			};
			name = Release;
		};
		F4992CE3243F05E500F2C628 /* Debug */ = {
			isa = XCBuildConfiguration;
			baseConfigurationReference = A981293C460109553751EE5C /* Pods-SwiftyBootstrap.debug.xcconfig */;
			buildSettings = {
				ASSETCATALOG_COMPILER_APPICON_NAME = AppIcon;
				CODE_SIGN_STYLE = Automatic;
				DEVELOPMENT_TEAM = HJPTQ3N75W;
				INFOPLIST_FILE = SwiftyBootstrap/Info.plist;
				LD_RUNPATH_SEARCH_PATHS = (
					"$(inherited)",
					"@executable_path/Frameworks",
				);
				PRODUCT_BUNDLE_IDENTIFIER = dephyned.SwiftyBootstrap;
				PRODUCT_NAME = "$(TARGET_NAME)";
				SWIFT_VERSION = 5.0;
				TARGETED_DEVICE_FAMILY = "1,2";
			};
			name = Debug;
		};
		F4992CE4243F05E500F2C628 /* Release */ = {
			isa = XCBuildConfiguration;
			baseConfigurationReference = 2DA937B38F203A44B8EBB0EA /* Pods-SwiftyBootstrap.release.xcconfig */;
			buildSettings = {
				ASSETCATALOG_COMPILER_APPICON_NAME = AppIcon;
				CODE_SIGN_STYLE = Automatic;
				DEVELOPMENT_TEAM = HJPTQ3N75W;
				INFOPLIST_FILE = SwiftyBootstrap/Info.plist;
				LD_RUNPATH_SEARCH_PATHS = (
					"$(inherited)",
					"@executable_path/Frameworks",
				);
				PRODUCT_BUNDLE_IDENTIFIER = dephyned.SwiftyBootstrap;
				PRODUCT_NAME = "$(TARGET_NAME)";
				SWIFT_VERSION = 5.0;
				TARGETED_DEVICE_FAMILY = "1,2";
			};
			name = Release;
		};
		F4992CE6243F05E500F2C628 /* Debug */ = {
			isa = XCBuildConfiguration;
			baseConfigurationReference = F63A754D47288206BF105876 /* Pods-SwiftyBootstrapTests.debug.xcconfig */;
			buildSettings = {
				ALWAYS_EMBED_SWIFT_STANDARD_LIBRARIES = YES;
				BUNDLE_LOADER = "$(TEST_HOST)";
				CODE_SIGN_STYLE = Automatic;
				DEVELOPMENT_TEAM = HJPTQ3N75W;
				INFOPLIST_FILE = SwiftyBootstrapTests/Info.plist;
				IPHONEOS_DEPLOYMENT_TARGET = 13.2;
				LD_RUNPATH_SEARCH_PATHS = (
					"$(inherited)",
					"@executable_path/Frameworks",
					"@loader_path/Frameworks",
				);
				PRODUCT_BUNDLE_IDENTIFIER = dephyned.SwiftyBootstrapTests;
				PRODUCT_NAME = "$(TARGET_NAME)";
				SWIFT_VERSION = 5.0;
				TARGETED_DEVICE_FAMILY = "1,2";
				TEST_HOST = "$(BUILT_PRODUCTS_DIR)/SwiftyBootstrap.app/SwiftyBootstrap";
			};
			name = Debug;
		};
		F4992CE7243F05E500F2C628 /* Release */ = {
			isa = XCBuildConfiguration;
			baseConfigurationReference = 488C5A72D23C90054D188F52 /* Pods-SwiftyBootstrapTests.release.xcconfig */;
			buildSettings = {
				ALWAYS_EMBED_SWIFT_STANDARD_LIBRARIES = YES;
				BUNDLE_LOADER = "$(TEST_HOST)";
				CODE_SIGN_STYLE = Automatic;
				DEVELOPMENT_TEAM = HJPTQ3N75W;
				INFOPLIST_FILE = SwiftyBootstrapTests/Info.plist;
				IPHONEOS_DEPLOYMENT_TARGET = 13.2;
				LD_RUNPATH_SEARCH_PATHS = (
					"$(inherited)",
					"@executable_path/Frameworks",
					"@loader_path/Frameworks",
				);
				PRODUCT_BUNDLE_IDENTIFIER = dephyned.SwiftyBootstrapTests;
				PRODUCT_NAME = "$(TARGET_NAME)";
				SWIFT_VERSION = 5.0;
				TARGETED_DEVICE_FAMILY = "1,2";
				TEST_HOST = "$(BUILT_PRODUCTS_DIR)/SwiftyBootstrap.app/SwiftyBootstrap";
			};
			name = Release;
		};
		F4992CE9243F05E500F2C628 /* Debug */ = {
			isa = XCBuildConfiguration;
			baseConfigurationReference = 6DF2ABD81B5E6664216BD0EC /* Pods-SwiftyBootstrapUITests.debug.xcconfig */;
			buildSettings = {
				ALWAYS_EMBED_SWIFT_STANDARD_LIBRARIES = YES;
				CODE_SIGN_STYLE = Automatic;
				DEVELOPMENT_TEAM = HJPTQ3N75W;
				INFOPLIST_FILE = SwiftyBootstrapUITests/Info.plist;
				LD_RUNPATH_SEARCH_PATHS = (
					"$(inherited)",
					"@executable_path/Frameworks",
					"@loader_path/Frameworks",
				);
				PRODUCT_BUNDLE_IDENTIFIER = dephyned.SwiftyBootstrapUITests;
				PRODUCT_NAME = "$(TARGET_NAME)";
				SWIFT_VERSION = 5.0;
				TARGETED_DEVICE_FAMILY = "1,2";
				TEST_TARGET_NAME = SwiftyBootstrap;
			};
			name = Debug;
		};
		F4992CEA243F05E500F2C628 /* Release */ = {
			isa = XCBuildConfiguration;
			baseConfigurationReference = 2C6B138D608CC1C64F12ACE8 /* Pods-SwiftyBootstrapUITests.release.xcconfig */;
			buildSettings = {
				ALWAYS_EMBED_SWIFT_STANDARD_LIBRARIES = YES;
				CODE_SIGN_STYLE = Automatic;
				DEVELOPMENT_TEAM = HJPTQ3N75W;
				INFOPLIST_FILE = SwiftyBootstrapUITests/Info.plist;
				LD_RUNPATH_SEARCH_PATHS = (
					"$(inherited)",
					"@executable_path/Frameworks",
					"@loader_path/Frameworks",
				);
				PRODUCT_BUNDLE_IDENTIFIER = dephyned.SwiftyBootstrapUITests;
				PRODUCT_NAME = "$(TARGET_NAME)";
				SWIFT_VERSION = 5.0;
				TARGETED_DEVICE_FAMILY = "1,2";
				TEST_TARGET_NAME = SwiftyBootstrap;
			};
			name = Release;
		};
/* End XCBuildConfiguration section */

/* Begin XCConfigurationList section */
		F4992CB3243F05E400F2C628 /* Build configuration list for PBXProject "SwiftyBootstrap" */ = {
			isa = XCConfigurationList;
			buildConfigurations = (
				F4992CE0243F05E500F2C628 /* Debug */,
				F4992CE1243F05E500F2C628 /* Release */,
			);
			defaultConfigurationIsVisible = 0;
			defaultConfigurationName = Release;
		};
		F4992CE2243F05E500F2C628 /* Build configuration list for PBXNativeTarget "SwiftyBootstrap" */ = {
			isa = XCConfigurationList;
			buildConfigurations = (
				F4992CE3243F05E500F2C628 /* Debug */,
				F4992CE4243F05E500F2C628 /* Release */,
			);
			defaultConfigurationIsVisible = 0;
			defaultConfigurationName = Release;
		};
		F4992CE5243F05E500F2C628 /* Build configuration list for PBXNativeTarget "SwiftyBootstrapTests" */ = {
			isa = XCConfigurationList;
			buildConfigurations = (
				F4992CE6243F05E500F2C628 /* Debug */,
				F4992CE7243F05E500F2C628 /* Release */,
			);
			defaultConfigurationIsVisible = 0;
			defaultConfigurationName = Release;
		};
		F4992CE8243F05E500F2C628 /* Build configuration list for PBXNativeTarget "SwiftyBootstrapUITests" */ = {
			isa = XCConfigurationList;
			buildConfigurations = (
				F4992CE9243F05E500F2C628 /* Debug */,
				F4992CEA243F05E500F2C628 /* Release */,
			);
			defaultConfigurationIsVisible = 0;
			defaultConfigurationName = Release;
		};
/* End XCConfigurationList section */
	};
	rootObject = F4992CB0243F05E400F2C628 /* Project object */;
}
